// !$*UTF8*$!
{
	archiveVersion = 1;
	classes = {
	};
	objectVersion = 55;
	objects = {

/* Begin PBXBuildFile section */
		387104F02818122A009D5D13 /* GoatsViewModel.swift in Sources */ = {isa = PBXBuildFile; fileRef = 387104EF2818122A009D5D13 /* GoatsViewModel.swift */; };
		9CF96F1E27EC81E9004145F9 /* GoatsView.swift in Sources */ = {isa = PBXBuildFile; fileRef = 9CF96F1D27EC81E9004145F9 /* GoatsView.swift */; };
		9CF96F2027EC85D2004145F9 /* StaticGoatList.swift in Sources */ = {isa = PBXBuildFile; fileRef = 9CF96F1F27EC85D2004145F9 /* StaticGoatList.swift */; };
		9CFF61DC27EC4927006A6BA1 /* SimplyGoatApp.swift in Sources */ = {isa = PBXBuildFile; fileRef = 9CFF61DB27EC4927006A6BA1 /* SimplyGoatApp.swift */; };
		9CFF61DE27EC4927006A6BA1 /* ContentView.swift in Sources */ = {isa = PBXBuildFile; fileRef = 9CFF61DD27EC4927006A6BA1 /* ContentView.swift */; };
		9CFF61E027EC4929006A6BA1 /* Assets.xcassets in Resources */ = {isa = PBXBuildFile; fileRef = 9CFF61DF27EC4929006A6BA1 /* Assets.xcassets */; };
		9CFF61E327EC4929006A6BA1 /* Preview Assets.xcassets in Resources */ = {isa = PBXBuildFile; fileRef = 9CFF61E227EC4929006A6BA1 /* Preview Assets.xcassets */; };
		9CFF61EB27EC4C82006A6BA1 /* MainView.swift in Sources */ = {isa = PBXBuildFile; fileRef = 9CFF61EA27EC4C82006A6BA1 /* MainView.swift */; };
		9CFF61ED27EC4F90006A6BA1 /* WelcomeView.swift in Sources */ = {isa = PBXBuildFile; fileRef = 9CFF61EC27EC4F90006A6BA1 /* WelcomeView.swift */; };
		9CFF61F027EC5047006A6BA1 /* GoatListView.swift in Sources */ = {isa = PBXBuildFile; fileRef = 9CFF61EF27EC5047006A6BA1 /* GoatListView.swift */; };
		9CFF61F227EC52B2006A6BA1 /* GoatModel.swift in Sources */ = {isa = PBXBuildFile; fileRef = 9CFF61F127EC52B2006A6BA1 /* GoatModel.swift */; };
		9CFF61F427EC52F6006A6BA1 /* GoatApi.swift in Sources */ = {isa = PBXBuildFile; fileRef = 9CFF61F327EC52F6006A6BA1 /* GoatApi.swift */; };
		9CFF61F627EC54DE006A6BA1 /* GoatDetailsView.swift in Sources */ = {isa = PBXBuildFile; fileRef = 9CFF61F527EC54DE006A6BA1 /* GoatDetailsView.swift */; };
		9CFF61F827EC5C7C006A6BA1 /* LikeButton.swift in Sources */ = {isa = PBXBuildFile; fileRef = 9CFF61F727EC5C7C006A6BA1 /* LikeButton.swift */; };
/* End PBXBuildFile section */

/* Begin PBXFileReference section */
		387104EF2818122A009D5D13 /* GoatsViewModel.swift */ = {isa = PBXFileReference; lastKnownFileType = sourcecode.swift; path = GoatsViewModel.swift; sourceTree = "<group>"; };
		9CF96F1D27EC81E9004145F9 /* GoatsView.swift */ = {isa = PBXFileReference; lastKnownFileType = sourcecode.swift; path = GoatsView.swift; sourceTree = "<group>"; };
		9CF96F1F27EC85D2004145F9 /* StaticGoatList.swift */ = {isa = PBXFileReference; lastKnownFileType = sourcecode.swift; path = StaticGoatList.swift; sourceTree = "<group>"; };
		9CFF61D827EC4927006A6BA1 /* SimplyGoat.app */ = {isa = PBXFileReference; explicitFileType = wrapper.application; includeInIndex = 0; path = SimplyGoat.app; sourceTree = BUILT_PRODUCTS_DIR; };
		9CFF61DB27EC4927006A6BA1 /* SimplyGoatApp.swift */ = {isa = PBXFileReference; lastKnownFileType = sourcecode.swift; path = SimplyGoatApp.swift; sourceTree = "<group>"; };
		9CFF61DD27EC4927006A6BA1 /* ContentView.swift */ = {isa = PBXFileReference; lastKnownFileType = sourcecode.swift; path = ContentView.swift; sourceTree = "<group>"; };
		9CFF61DF27EC4929006A6BA1 /* Assets.xcassets */ = {isa = PBXFileReference; lastKnownFileType = folder.assetcatalog; path = Assets.xcassets; sourceTree = "<group>"; };
		9CFF61E227EC4929006A6BA1 /* Preview Assets.xcassets */ = {isa = PBXFileReference; lastKnownFileType = folder.assetcatalog; path = "Preview Assets.xcassets"; sourceTree = "<group>"; };
		9CFF61EA27EC4C82006A6BA1 /* MainView.swift */ = {isa = PBXFileReference; lastKnownFileType = sourcecode.swift; path = MainView.swift; sourceTree = "<group>"; };
		9CFF61EC27EC4F90006A6BA1 /* WelcomeView.swift */ = {isa = PBXFileReference; lastKnownFileType = sourcecode.swift; path = WelcomeView.swift; sourceTree = "<group>"; };
		9CFF61EF27EC5047006A6BA1 /* GoatListView.swift */ = {isa = PBXFileReference; lastKnownFileType = sourcecode.swift; path = GoatListView.swift; sourceTree = "<group>"; };
		9CFF61F127EC52B2006A6BA1 /* GoatModel.swift */ = {isa = PBXFileReference; lastKnownFileType = sourcecode.swift; path = GoatModel.swift; sourceTree = "<group>"; };
		9CFF61F327EC52F6006A6BA1 /* GoatApi.swift */ = {isa = PBXFileReference; lastKnownFileType = sourcecode.swift; path = GoatApi.swift; sourceTree = "<group>"; };
		9CFF61F527EC54DE006A6BA1 /* GoatDetailsView.swift */ = {isa = PBXFileReference; lastKnownFileType = sourcecode.swift; path = GoatDetailsView.swift; sourceTree = "<group>"; };
		9CFF61F727EC5C7C006A6BA1 /* LikeButton.swift */ = {isa = PBXFileReference; lastKnownFileType = sourcecode.swift; path = LikeButton.swift; sourceTree = "<group>"; };
/* End PBXFileReference section */

/* Begin PBXFrameworksBuildPhase section */
		9CFF61D527EC4927006A6BA1 /* Frameworks */ = {
			isa = PBXFrameworksBuildPhase;
			buildActionMask = 2147483647;
			files = (
			);
			runOnlyForDeploymentPostprocessing = 0;
		};
/* End PBXFrameworksBuildPhase section */

/* Begin PBXGroup section */
		387104EC2817F70A009D5D13 /* Screens */ = {
			isa = PBXGroup;
			children = (
				9CFF61E927EC4C57006A6BA1 /* Main Tab */,
				9CFF61EE27EC4FE0006A6BA1 /* Goats Tab */,
			);
			path = Screens;
			sourceTree = "<group>";
		};
		387104ED2817F84E009D5D13 /* Models */ = {
			isa = PBXGroup;
			children = (
				9CFF61F127EC52B2006A6BA1 /* GoatModel.swift */,
			);
			path = Models;
			sourceTree = "<group>";
		};
		387104EE2817F8B9009D5D13 /* ViewModels */ = {
			isa = PBXGroup;
			children = (
				387104EF2818122A009D5D13 /* GoatsViewModel.swift */,
			);
			path = ViewModels;
			sourceTree = "<group>";
		};
		9CFF61CF27EC4927006A6BA1 = {
			isa = PBXGroup;
			children = (
				9CFF61DA27EC4927006A6BA1 /* SimplyGoat */,
				9CFF61D927EC4927006A6BA1 /* Products */,
			);
			sourceTree = "<group>";
		};
		9CFF61D927EC4927006A6BA1 /* Products */ = {
			isa = PBXGroup;
			children = (
				9CFF61D827EC4927006A6BA1 /* SimplyGoat.app */,
			);
			name = Products;
			sourceTree = "<group>";
		};
		9CFF61DA27EC4927006A6BA1 /* SimplyGoat */ = {
			isa = PBXGroup;
			children = (
				9CFF61DF27EC4929006A6BA1 /* Assets.xcassets */,
				9CFF61DB27EC4927006A6BA1 /* SimplyGoatApp.swift */,
				9CFF61DD27EC4927006A6BA1 /* ContentView.swift */,
				9CFF61F327EC52F6006A6BA1 /* GoatApi.swift */,
				387104EC2817F70A009D5D13 /* Screens */,
				387104ED2817F84E009D5D13 /* Models */,
				387104EE2817F8B9009D5D13 /* ViewModels */,
				9CFF61E127EC4929006A6BA1 /* Preview Content */,
			);
			path = SimplyGoat;
			sourceTree = "<group>";
		};
		9CFF61E127EC4929006A6BA1 /* Preview Content */ = {
			isa = PBXGroup;
			children = (
				9CFF61E227EC4929006A6BA1 /* Preview Assets.xcassets */,
			);
			path = "Preview Content";
			sourceTree = "<group>";
		};
		9CFF61E927EC4C57006A6BA1 /* Main Tab */ = {
			isa = PBXGroup;
			children = (
				9CFF61EA27EC4C82006A6BA1 /* MainView.swift */,
				9CFF61EC27EC4F90006A6BA1 /* WelcomeView.swift */,
			);
			path = "Main Tab";
			sourceTree = "<group>";
		};
		9CFF61EE27EC4FE0006A6BA1 /* Goats Tab */ = {
			isa = PBXGroup;
			children = (
				9CFF61EF27EC5047006A6BA1 /* GoatListView.swift */,
				9CFF61F527EC54DE006A6BA1 /* GoatDetailsView.swift */,
				9CFF61F727EC5C7C006A6BA1 /* LikeButton.swift */,
				9CF96F1D27EC81E9004145F9 /* GoatsView.swift */,
				9CF96F1F27EC85D2004145F9 /* StaticGoatList.swift */,
			);
			path = "Goats Tab";
			sourceTree = "<group>";
		};
/* End PBXGroup section */

/* Begin PBXNativeTarget section */
		9CFF61D727EC4927006A6BA1 /* SimplyGoat */ = {
			isa = PBXNativeTarget;
			buildConfigurationList = 9CFF61E627EC4929006A6BA1 /* Build configuration list for PBXNativeTarget "SimplyGoat" */;
			buildPhases = (
				9CFF61D427EC4927006A6BA1 /* Sources */,
				9CFF61D527EC4927006A6BA1 /* Frameworks */,
				9CFF61D627EC4927006A6BA1 /* Resources */,
			);
			buildRules = (
			);
			dependencies = (
			);
			name = SimplyGoat;
			productName = SimplyGoat;
			productReference = 9CFF61D827EC4927006A6BA1 /* SimplyGoat.app */;
			productType = "com.apple.product-type.application";
		};
/* End PBXNativeTarget section */

/* Begin PBXProject section */
		9CFF61D027EC4927006A6BA1 /* Project object */ = {
			isa = PBXProject;
			attributes = {
				BuildIndependentTargetsInParallel = 1;
				LastSwiftUpdateCheck = 1330;
				LastUpgradeCheck = 1330;
				TargetAttributes = {
					9CFF61D727EC4927006A6BA1 = {
						CreatedOnToolsVersion = 13.3;
					};
				};
			};
			buildConfigurationList = 9CFF61D327EC4927006A6BA1 /* Build configuration list for PBXProject "SimplyGoat" */;
			compatibilityVersion = "Xcode 13.0";
			developmentRegion = en;
			hasScannedForEncodings = 0;
			knownRegions = (
				en,
				Base,
			);
			mainGroup = 9CFF61CF27EC4927006A6BA1;
			productRefGroup = 9CFF61D927EC4927006A6BA1 /* Products */;
			projectDirPath = "";
			projectRoot = "";
			targets = (
				9CFF61D727EC4927006A6BA1 /* SimplyGoat */,
			);
		};
/* End PBXProject section */

/* Begin PBXResourcesBuildPhase section */
		9CFF61D627EC4927006A6BA1 /* Resources */ = {
			isa = PBXResourcesBuildPhase;
			buildActionMask = 2147483647;
			files = (
				9CFF61E327EC4929006A6BA1 /* Preview Assets.xcassets in Resources */,
				9CFF61E027EC4929006A6BA1 /* Assets.xcassets in Resources */,
			);
			runOnlyForDeploymentPostprocessing = 0;
		};
/* End PBXResourcesBuildPhase section */

/* Begin PBXSourcesBuildPhase section */
		9CFF61D427EC4927006A6BA1 /* Sources */ = {
			isa = PBXSourcesBuildPhase;
			buildActionMask = 2147483647;
			files = (
				9CFF61F227EC52B2006A6BA1 /* GoatModel.swift in Sources */,
				9CFF61F827EC5C7C006A6BA1 /* LikeButton.swift in Sources */,
				9CFF61DE27EC4927006A6BA1 /* ContentView.swift in Sources */,
				9CFF61EB27EC4C82006A6BA1 /* MainView.swift in Sources */,
				9CF96F2027EC85D2004145F9 /* StaticGoatList.swift in Sources */,
				387104F02818122A009D5D13 /* GoatsViewModel.swift in Sources */,
				9CFF61DC27EC4927006A6BA1 /* SimplyGoatApp.swift in Sources */,
				9CFF61F627EC54DE006A6BA1 /* GoatDetailsView.swift in Sources */,
				9CFF61F427EC52F6006A6BA1 /* GoatApi.swift in Sources */,
				9CF96F1E27EC81E9004145F9 /* GoatsView.swift in Sources */,
				9CFF61F027EC5047006A6BA1 /* GoatListView.swift in Sources */,
				9CFF61ED27EC4F90006A6BA1 /* WelcomeView.swift in Sources */,
			);
			runOnlyForDeploymentPostprocessing = 0;
		};
/* End PBXSourcesBuildPhase section */

/* Begin XCBuildConfiguration section */
		9CFF61E427EC4929006A6BA1 /* Debug */ = {
			isa = XCBuildConfiguration;
			buildSettings = {
				ALWAYS_SEARCH_USER_PATHS = NO;
				CLANG_ANALYZER_NONNULL = YES;
				CLANG_ANALYZER_NUMBER_OBJECT_CONVERSION = YES_AGGRESSIVE;
				CLANG_CXX_LANGUAGE_STANDARD = "gnu++17";
				CLANG_ENABLE_MODULES = YES;
				CLANG_ENABLE_OBJC_ARC = YES;
				CLANG_ENABLE_OBJC_WEAK = YES;
				CLANG_WARN_BLOCK_CAPTURE_AUTORELEASING = YES;
				CLANG_WARN_BOOL_CONVERSION = YES;
				CLANG_WARN_COMMA = YES;
				CLANG_WARN_CONSTANT_CONVERSION = YES;
				CLANG_WARN_DEPRECATED_OBJC_IMPLEMENTATIONS = YES;
				CLANG_WARN_DIRECT_OBJC_ISA_USAGE = YES_ERROR;
				CLANG_WARN_DOCUMENTATION_COMMENTS = YES;
				CLANG_WARN_EMPTY_BODY = YES;
				CLANG_WARN_ENUM_CONVERSION = YES;
				CLANG_WARN_INFINITE_RECURSION = YES;
				CLANG_WARN_INT_CONVERSION = YES;
				CLANG_WARN_NON_LITERAL_NULL_CONVERSION = YES;
				CLANG_WARN_OBJC_IMPLICIT_RETAIN_SELF = YES;
				CLANG_WARN_OBJC_LITERAL_CONVERSION = YES;
				CLANG_WARN_OBJC_ROOT_CLASS = YES_ERROR;
				CLANG_WARN_QUOTED_INCLUDE_IN_FRAMEWORK_HEADER = YES;
				CLANG_WARN_RANGE_LOOP_ANALYSIS = YES;
				CLANG_WARN_STRICT_PROTOTYPES = YES;
				CLANG_WARN_SUSPICIOUS_MOVE = YES;
				CLANG_WARN_UNGUARDED_AVAILABILITY = YES_AGGRESSIVE;
				CLANG_WARN_UNREACHABLE_CODE = YES;
				CLANG_WARN__DUPLICATE_METHOD_MATCH = YES;
				COPY_PHASE_STRIP = NO;
				DEBUG_INFORMATION_FORMAT = dwarf;
				ENABLE_STRICT_OBJC_MSGSEND = YES;
				ENABLE_TESTABILITY = YES;
				GCC_C_LANGUAGE_STANDARD = gnu11;
				GCC_DYNAMIC_NO_PIC = NO;
				GCC_NO_COMMON_BLOCKS = YES;
				GCC_OPTIMIZATION_LEVEL = 0;
				GCC_PREPROCESSOR_DEFINITIONS = (
					"DEBUG=1",
					"$(inherited)",
				);
				GCC_WARN_64_TO_32_BIT_CONVERSION = YES;
				GCC_WARN_ABOUT_RETURN_TYPE = YES_ERROR;
				GCC_WARN_UNDECLARED_SELECTOR = YES;
				GCC_WARN_UNINITIALIZED_AUTOS = YES_AGGRESSIVE;
				GCC_WARN_UNUSED_FUNCTION = YES;
				GCC_WARN_UNUSED_VARIABLE = YES;
				IPHONEOS_DEPLOYMENT_TARGET = 15.4;
				MTL_ENABLE_DEBUG_INFO = INCLUDE_SOURCE;
				MTL_FAST_MATH = YES;
				ONLY_ACTIVE_ARCH = YES;
				SDKROOT = iphoneos;
				SWIFT_ACTIVE_COMPILATION_CONDITIONS = DEBUG;
				SWIFT_OPTIMIZATION_LEVEL = "-Onone";
			};
			name = Debug;
		};
		9CFF61E527EC4929006A6BA1 /* Release */ = {
			isa = XCBuildConfiguration;
			buildSettings = {
				ALWAYS_SEARCH_USER_PATHS = NO;
				CLANG_ANALYZER_NONNULL = YES;
				CLANG_ANALYZER_NUMBER_OBJECT_CONVERSION = YES_AGGRESSIVE;
				CLANG_CXX_LANGUAGE_STANDARD = "gnu++17";
				CLANG_ENABLE_MODULES = YES;
				CLANG_ENABLE_OBJC_ARC = YES;
				CLANG_ENABLE_OBJC_WEAK = YES;
				CLANG_WARN_BLOCK_CAPTURE_AUTORELEASING = YES;
				CLANG_WARN_BOOL_CONVERSION = YES;
				CLANG_WARN_COMMA = YES;
				CLANG_WARN_CONSTANT_CONVERSION = YES;
				CLANG_WARN_DEPRECATED_OBJC_IMPLEMENTATIONS = YES;
				CLANG_WARN_DIRECT_OBJC_ISA_USAGE = YES_ERROR;
				CLANG_WARN_DOCUMENTATION_COMMENTS = YES;
				CLANG_WARN_EMPTY_BODY = YES;
				CLANG_WARN_ENUM_CONVERSION = YES;
				CLANG_WARN_INFINITE_RECURSION = YES;
				CLANG_WARN_INT_CONVERSION = YES;
				CLANG_WARN_NON_LITERAL_NULL_CONVERSION = YES;
				CLANG_WARN_OBJC_IMPLICIT_RETAIN_SELF = YES;
				CLANG_WARN_OBJC_LITERAL_CONVERSION = YES;
				CLANG_WARN_OBJC_ROOT_CLASS = YES_ERROR;
				CLANG_WARN_QUOTED_INCLUDE_IN_FRAMEWORK_HEADER = YES;
				CLANG_WARN_RANGE_LOOP_ANALYSIS = YES;
				CLANG_WARN_STRICT_PROTOTYPES = YES;
				CLANG_WARN_SUSPICIOUS_MOVE = YES;
				CLANG_WARN_UNGUARDED_AVAILABILITY = YES_AGGRESSIVE;
				CLANG_WARN_UNREACHABLE_CODE = YES;
				CLANG_WARN__DUPLICATE_METHOD_MATCH = YES;
				COPY_PHASE_STRIP = NO;
				DEBUG_INFORMATION_FORMAT = "dwarf-with-dsym";
				ENABLE_NS_ASSERTIONS = NO;
				ENABLE_STRICT_OBJC_MSGSEND = YES;
				GCC_C_LANGUAGE_STANDARD = gnu11;
				GCC_NO_COMMON_BLOCKS = YES;
				GCC_WARN_64_TO_32_BIT_CONVERSION = YES;
				GCC_WARN_ABOUT_RETURN_TYPE = YES_ERROR;
				GCC_WARN_UNDECLARED_SELECTOR = YES;
				GCC_WARN_UNINITIALIZED_AUTOS = YES_AGGRESSIVE;
				GCC_WARN_UNUSED_FUNCTION = YES;
				GCC_WARN_UNUSED_VARIABLE = YES;
				IPHONEOS_DEPLOYMENT_TARGET = 15.4;
				MTL_ENABLE_DEBUG_INFO = NO;
				MTL_FAST_MATH = YES;
				SDKROOT = iphoneos;
				SWIFT_COMPILATION_MODE = wholemodule;
				SWIFT_OPTIMIZATION_LEVEL = "-O";
				VALIDATE_PRODUCT = YES;
			};
			name = Release;
		};
		9CFF61E727EC4929006A6BA1 /* Debug */ = {
			isa = XCBuildConfiguration;
			buildSettings = {
				ASSETCATALOG_COMPILER_APPICON_NAME = AppIcon;
				ASSETCATALOG_COMPILER_GLOBAL_ACCENT_COLOR_NAME = AccentColor;
				CODE_SIGN_STYLE = Automatic;
				CURRENT_PROJECT_VERSION = 1;
				DEVELOPMENT_ASSET_PATHS = "\"SimplyGoat/Preview Content\"";
				DEVELOPMENT_TEAM = HK628DDKZ4;
				ENABLE_PREVIEWS = YES;
				GENERATE_INFOPLIST_FILE = YES;
				INFOPLIST_KEY_UIApplicationSceneManifest_Generation = YES;
				INFOPLIST_KEY_UIApplicationSupportsIndirectInputEvents = YES;
				INFOPLIST_KEY_UILaunchScreen_Generation = YES;
				INFOPLIST_KEY_UISupportedInterfaceOrientations_iPad = "UIInterfaceOrientationPortrait UIInterfaceOrientationPortraitUpsideDown UIInterfaceOrientationLandscapeLeft UIInterfaceOrientationLandscapeRight";
				INFOPLIST_KEY_UISupportedInterfaceOrientations_iPhone = "UIInterfaceOrientationPortrait UIInterfaceOrientationLandscapeLeft UIInterfaceOrientationLandscapeRight";
				IPHONEOS_DEPLOYMENT_TARGET = 15.2;
				LD_RUNPATH_SEARCH_PATHS = (
					"$(inherited)",
					"@executable_path/Frameworks",
				);
				MARKETING_VERSION = 1.0;
				PRODUCT_BUNDLE_IDENTIFIER = swayechateau.com.SimplyGoat;
				PRODUCT_NAME = "$(TARGET_NAME)";
				SWIFT_EMIT_LOC_STRINGS = YES;
				SWIFT_VERSION = 5.0;
				TARGETED_DEVICE_FAMILY = "1,2";
			};
			name = Debug;
		};
		9CFF61E827EC4929006A6BA1 /* Release */ = {
			isa = XCBuildConfiguration;
			buildSettings = {
				ASSETCATALOG_COMPILER_APPICON_NAME = AppIcon;
				ASSETCATALOG_COMPILER_GLOBAL_ACCENT_COLOR_NAME = AccentColor;
				CODE_SIGN_STYLE = Automatic;
				CURRENT_PROJECT_VERSION = 1;
				DEVELOPMENT_ASSET_PATHS = "\"SimplyGoat/Preview Content\"";
				DEVELOPMENT_TEAM = HK628DDKZ4;
				ENABLE_PREVIEWS = YES;
				GENERATE_INFOPLIST_FILE = YES;
				INFOPLIST_KEY_UIApplicationSceneManifest_Generation = YES;
				INFOPLIST_KEY_UIApplicationSupportsIndirectInputEvents = YES;
				INFOPLIST_KEY_UILaunchScreen_Generation = YES;
				INFOPLIST_KEY_UISupportedInterfaceOrientations_iPad = "UIInterfaceOrientationPortrait UIInterfaceOrientationPortraitUpsideDown UIInterfaceOrientationLandscapeLeft UIInterfaceOrientationLandscapeRight";
				INFOPLIST_KEY_UISupportedInterfaceOrientations_iPhone = "UIInterfaceOrientationPortrait UIInterfaceOrientationLandscapeLeft UIInterfaceOrientationLandscapeRight";
				IPHONEOS_DEPLOYMENT_TARGET = 15.2;
				LD_RUNPATH_SEARCH_PATHS = (
					"$(inherited)",
					"@executable_path/Frameworks",
				);
				MARKETING_VERSION = 1.0;
				PRODUCT_BUNDLE_IDENTIFIER = swayechateau.com.SimplyGoat;
				PRODUCT_NAME = "$(TARGET_NAME)";
				SWIFT_EMIT_LOC_STRINGS = YES;
				SWIFT_VERSION = 5.0;
				TARGETED_DEVICE_FAMILY = "1,2";
			};
			name = Release;
		};
/* End XCBuildConfiguration section */

/* Begin XCConfigurationList section */
		9CFF61D327EC4927006A6BA1 /* Build configuration list for PBXProject "SimplyGoat" */ = {
			isa = XCConfigurationList;
			buildConfigurations = (
				9CFF61E427EC4929006A6BA1 /* Debug */,
				9CFF61E527EC4929006A6BA1 /* Release */,
			);
			defaultConfigurationIsVisible = 0;
			defaultConfigurationName = Release;
		};
		9CFF61E627EC4929006A6BA1 /* Build configuration list for PBXNativeTarget "SimplyGoat" */ = {
			isa = XCConfigurationList;
			buildConfigurations = (
				9CFF61E727EC4929006A6BA1 /* Debug */,
				9CFF61E827EC4929006A6BA1 /* Release */,
			);
			defaultConfigurationIsVisible = 0;
			defaultConfigurationName = Release;
		};
/* End XCConfigurationList section */
	};
	rootObject = 9CFF61D027EC4927006A6BA1 /* Project object */;
}
